
Microsoft Visual Studio Solution File, Format Version 12.00
# Visual Studio 14
VisualStudioVersion = 14.0.25420.1
MinimumVisualStudioVersion = 10.0.40219.1
Project("{159641D6-6404-4A2A-AE62-294DE0FE8301}") = "Traffic-Control", "Traffic-Control\Traffic-Control.dtproj", "{C487E5A3-B089-48A8-A582-7DC17E2AE6CA}"
EndProject
Global
	GlobalSection(SolutionConfigurationPlatforms) = preSolution
		Development|Default = Development|Default
	EndGlobalSection
	GlobalSection(ProjectConfigurationPlatforms) = postSolution
		{C487E5A3-B089-48A8-A582-7DC17E2AE6CA}.Development|Default.ActiveCfg = Development
		{C487E5A3-B089-48A8-A582-7DC17E2AE6CA}.Development|Default.Build.0 = Development
	EndGlobalSection
	GlobalSection(SolutionProperties) = preSolution
		HideSolutionNode = FALSE
	EndGlobalSection
EndGlobal
